// !$*UTF8*$!
{
	archiveVersion = 1;
	classes = {
	};
	objectVersion = 46;
	objects = {

/* Begin PBXBuildFile section */
		AA6042C5ADAE2921FF65F6B4 /* Pods.framework in Frameworks */ = {isa = PBXBuildFile; fileRef = 81E4F83DDC27CC5DBD79123E /* Pods.framework */; settings = {ATTRIBUTES = (Weak, ); }; };
		B30F52241AF97BD900A603B0 /* Item.swift in Sources */ = {isa = PBXBuildFile; fileRef = B30F52231AF97BD900A603B0 /* Item.swift */; };
		B30F52261AF97C0500A603B0 /* Story.swift in Sources */ = {isa = PBXBuildFile; fileRef = B30F52251AF97C0500A603B0 /* Story.swift */; };
		B30F52281AF97C1300A603B0 /* Topic.swift in Sources */ = {isa = PBXBuildFile; fileRef = B30F52271AF97C1300A603B0 /* Topic.swift */; };
		B30F522A1AF97C2200A603B0 /* Theme.swift in Sources */ = {isa = PBXBuildFile; fileRef = B30F52291AF97C2200A603B0 /* Theme.swift */; };
		B30F522C1AF97D0200A603B0 /* Answer.swift in Sources */ = {isa = PBXBuildFile; fileRef = B30F522B1AF97D0200A603B0 /* Answer.swift */; };
		B31358B01AF9231C00A1B979 /* MainPresenter.swift in Sources */ = {isa = PBXBuildFile; fileRef = B31358AF1AF9231C00A1B979 /* MainPresenter.swift */; };
		B31358B31AF9235800A1B979 /* BasePresenter.swift in Sources */ = {isa = PBXBuildFile; fileRef = B31358B21AF9235800A1B979 /* BasePresenter.swift */; };
		B31358B61AF9248200A1B979 /* MainView.swift in Sources */ = {isa = PBXBuildFile; fileRef = B31358B51AF9248200A1B979 /* MainView.swift */; };
		B31358B91AF924D000A1B979 /* Meh.swift in Sources */ = {isa = PBXBuildFile; fileRef = B31358B81AF924D000A1B979 /* Meh.swift */; };
		B314E7C31AF9342B00EA9B89 /* MainPresenterImpl.swift in Sources */ = {isa = PBXBuildFile; fileRef = B314E7C21AF9342B00EA9B89 /* MainPresenterImpl.swift */; };
		B314E7C51AF9359E00EA9B89 /* CurrentMehInteractor.swift in Sources */ = {isa = PBXBuildFile; fileRef = B314E7C41AF9359E00EA9B89 /* CurrentMehInteractor.swift */; };
		B3C64DC71AF9205C00C3B2B3 /* AppDelegate.swift in Sources */ = {isa = PBXBuildFile; fileRef = B3C64DC61AF9205C00C3B2B3 /* AppDelegate.swift */; };
		B3C64DC91AF9205C00C3B2B3 /* ViewController.swift in Sources */ = {isa = PBXBuildFile; fileRef = B3C64DC81AF9205C00C3B2B3 /* ViewController.swift */; };
		B3C64DCC1AF9205C00C3B2B3 /* Main.storyboard in Resources */ = {isa = PBXBuildFile; fileRef = B3C64DCA1AF9205C00C3B2B3 /* Main.storyboard */; };
		B3C64DCE1AF9205C00C3B2B3 /* Images.xcassets in Resources */ = {isa = PBXBuildFile; fileRef = B3C64DCD1AF9205C00C3B2B3 /* Images.xcassets */; };
		B3C64DD11AF9205C00C3B2B3 /* LaunchScreen.xib in Resources */ = {isa = PBXBuildFile; fileRef = B3C64DCF1AF9205C00C3B2B3 /* LaunchScreen.xib */; };
		B3C64DDD1AF9205C00C3B2B3 /* swiftmehTests.swift in Sources */ = {isa = PBXBuildFile; fileRef = B3C64DDC1AF9205C00C3B2B3 /* swiftmehTests.swift */; };
		B3EE81A81AF970E500D5A0CD /* CurrentMehInteractorImpl.swift in Sources */ = {isa = PBXBuildFile; fileRef = B3EE81A71AF970E500D5A0CD /* CurrentMehInteractorImpl.swift */; };
		B3EE81AA1AF9756900D5A0CD /* BaseViewController.swift in Sources */ = {isa = PBXBuildFile; fileRef = B3EE81A91AF9756900D5A0CD /* BaseViewController.swift */; };
		B3EE81AC1AF9769700D5A0CD /* Deal.swift in Sources */ = {isa = PBXBuildFile; fileRef = B3EE81AB1AF9769700D5A0CD /* Deal.swift */; };
		B3EE81AE1AF976A700D5A0CD /* Poll.swift in Sources */ = {isa = PBXBuildFile; fileRef = B3EE81AD1AF976A700D5A0CD /* Poll.swift */; };
		B3EE81B01AF976BA00D5A0CD /* Video.swift in Sources */ = {isa = PBXBuildFile; fileRef = B3EE81AF1AF976BA00D5A0CD /* Video.swift */; };
/* End PBXBuildFile section */

/* Begin PBXContainerItemProxy section */
		B3C64DD71AF9205C00C3B2B3 /* PBXContainerItemProxy */ = {
			isa = PBXContainerItemProxy;
			containerPortal = B3C64DB91AF9205C00C3B2B3 /* Project object */;
			proxyType = 1;
			remoteGlobalIDString = B3C64DC01AF9205C00C3B2B3;
			remoteInfo = swiftmeh;
		};
/* End PBXContainerItemProxy section */

/* Begin PBXFileReference section */
		1A1B50D2FE9070DFEB1DEE1B /* Pods.release.xcconfig */ = {isa = PBXFileReference; includeInIndex = 1; lastKnownFileType = text.xcconfig; name = Pods.release.xcconfig; path = "Pods/Target Support Files/Pods/Pods.release.xcconfig"; sourceTree = "<group>"; };
		63AB5A7279DD35B355B07B90 /* Pods.debug.xcconfig */ = {isa = PBXFileReference; includeInIndex = 1; lastKnownFileType = text.xcconfig; name = Pods.debug.xcconfig; path = "Pods/Target Support Files/Pods/Pods.debug.xcconfig"; sourceTree = "<group>"; };
		81E4F83DDC27CC5DBD79123E /* Pods.framework */ = {isa = PBXFileReference; explicitFileType = wrapper.framework; includeInIndex = 0; path = Pods.framework; sourceTree = BUILT_PRODUCTS_DIR; };
		B30F52231AF97BD900A603B0 /* Item.swift */ = {isa = PBXFileReference; fileEncoding = 4; lastKnownFileType = sourcecode.swift; path = Item.swift; sourceTree = "<group>"; };
		B30F52251AF97C0500A603B0 /* Story.swift */ = {isa = PBXFileReference; fileEncoding = 4; lastKnownFileType = sourcecode.swift; path = Story.swift; sourceTree = "<group>"; };
		B30F52271AF97C1300A603B0 /* Topic.swift */ = {isa = PBXFileReference; fileEncoding = 4; lastKnownFileType = sourcecode.swift; path = Topic.swift; sourceTree = "<group>"; };
		B30F52291AF97C2200A603B0 /* Theme.swift */ = {isa = PBXFileReference; fileEncoding = 4; lastKnownFileType = sourcecode.swift; path = Theme.swift; sourceTree = "<group>"; };
		B30F522B1AF97D0200A603B0 /* Answer.swift */ = {isa = PBXFileReference; fileEncoding = 4; lastKnownFileType = sourcecode.swift; path = Answer.swift; sourceTree = "<group>"; };
		B31358AF1AF9231C00A1B979 /* MainPresenter.swift */ = {isa = PBXFileReference; fileEncoding = 4; lastKnownFileType = sourcecode.swift; path = MainPresenter.swift; sourceTree = "<group>"; };
		B31358B21AF9235800A1B979 /* BasePresenter.swift */ = {isa = PBXFileReference; fileEncoding = 4; lastKnownFileType = sourcecode.swift; path = BasePresenter.swift; sourceTree = "<group>"; };
		B31358B51AF9248200A1B979 /* MainView.swift */ = {isa = PBXFileReference; fileEncoding = 4; lastKnownFileType = sourcecode.swift; path = MainView.swift; sourceTree = "<group>"; };
		B31358B81AF924D000A1B979 /* Meh.swift */ = {isa = PBXFileReference; fileEncoding = 4; lastKnownFileType = sourcecode.swift; path = Meh.swift; sourceTree = "<group>"; };
		B314E7C21AF9342B00EA9B89 /* MainPresenterImpl.swift */ = {isa = PBXFileReference; fileEncoding = 4; lastKnownFileType = sourcecode.swift; path = MainPresenterImpl.swift; sourceTree = "<group>"; };
		B314E7C41AF9359E00EA9B89 /* CurrentMehInteractor.swift */ = {isa = PBXFileReference; fileEncoding = 4; lastKnownFileType = sourcecode.swift; path = CurrentMehInteractor.swift; sourceTree = "<group>"; };
		B388656A1AF93E4800209594 /* BridgingHeader.h */ = {isa = PBXFileReference; lastKnownFileType = sourcecode.c.h; path = BridgingHeader.h; sourceTree = "<group>"; };
		B3C64DC11AF9205C00C3B2B3 /* swiftmeh.app */ = {isa = PBXFileReference; explicitFileType = wrapper.application; includeInIndex = 0; path = swiftmeh.app; sourceTree = BUILT_PRODUCTS_DIR; };
		B3C64DC51AF9205C00C3B2B3 /* Info.plist */ = {isa = PBXFileReference; lastKnownFileType = text.plist.xml; path = Info.plist; sourceTree = "<group>"; };
		B3C64DC61AF9205C00C3B2B3 /* AppDelegate.swift */ = {isa = PBXFileReference; lastKnownFileType = sourcecode.swift; path = AppDelegate.swift; sourceTree = "<group>"; };
		B3C64DC81AF9205C00C3B2B3 /* ViewController.swift */ = {isa = PBXFileReference; lastKnownFileType = sourcecode.swift; path = ViewController.swift; sourceTree = "<group>"; };
		B3C64DCB1AF9205C00C3B2B3 /* Base */ = {isa = PBXFileReference; lastKnownFileType = file.storyboard; name = Base; path = Base.lproj/Main.storyboard; sourceTree = "<group>"; };
		B3C64DCD1AF9205C00C3B2B3 /* Images.xcassets */ = {isa = PBXFileReference; lastKnownFileType = folder.assetcatalog; path = Images.xcassets; sourceTree = "<group>"; };
		B3C64DD01AF9205C00C3B2B3 /* Base */ = {isa = PBXFileReference; lastKnownFileType = file.xib; name = Base; path = Base.lproj/LaunchScreen.xib; sourceTree = "<group>"; };
		B3C64DD61AF9205C00C3B2B3 /* swiftmehTests.xctest */ = {isa = PBXFileReference; explicitFileType = wrapper.cfbundle; includeInIndex = 0; path = swiftmehTests.xctest; sourceTree = BUILT_PRODUCTS_DIR; };
		B3C64DDB1AF9205C00C3B2B3 /* Info.plist */ = {isa = PBXFileReference; lastKnownFileType = text.plist.xml; path = Info.plist; sourceTree = "<group>"; };
		B3C64DDC1AF9205C00C3B2B3 /* swiftmehTests.swift */ = {isa = PBXFileReference; lastKnownFileType = sourcecode.swift; path = swiftmehTests.swift; sourceTree = "<group>"; };
		B3EE81A71AF970E500D5A0CD /* CurrentMehInteractorImpl.swift */ = {isa = PBXFileReference; fileEncoding = 4; lastKnownFileType = sourcecode.swift; path = CurrentMehInteractorImpl.swift; sourceTree = "<group>"; };
		B3EE81A91AF9756900D5A0CD /* BaseViewController.swift */ = {isa = PBXFileReference; fileEncoding = 4; lastKnownFileType = sourcecode.swift; path = BaseViewController.swift; sourceTree = "<group>"; };
		B3EE81AB1AF9769700D5A0CD /* Deal.swift */ = {isa = PBXFileReference; fileEncoding = 4; lastKnownFileType = sourcecode.swift; path = Deal.swift; sourceTree = "<group>"; };
		B3EE81AD1AF976A700D5A0CD /* Poll.swift */ = {isa = PBXFileReference; fileEncoding = 4; lastKnownFileType = sourcecode.swift; path = Poll.swift; sourceTree = "<group>"; };
		B3EE81AF1AF976BA00D5A0CD /* Video.swift */ = {isa = PBXFileReference; fileEncoding = 4; lastKnownFileType = sourcecode.swift; path = Video.swift; sourceTree = "<group>"; };
/* End PBXFileReference section */

/* Begin PBXFrameworksBuildPhase section */
		B3C64DBE1AF9205C00C3B2B3 /* Frameworks */ = {
			isa = PBXFrameworksBuildPhase;
			buildActionMask = 2147483647;
			files = (
				AA6042C5ADAE2921FF65F6B4 /* Pods.framework in Frameworks */,
			);
			runOnlyForDeploymentPostprocessing = 0;
		};
		B3C64DD31AF9205C00C3B2B3 /* Frameworks */ = {
			isa = PBXFrameworksBuildPhase;
			buildActionMask = 2147483647;
			files = (
			);
			runOnlyForDeploymentPostprocessing = 0;
		};
/* End PBXFrameworksBuildPhase section */

/* Begin PBXGroup section */
		0F14554956C2863B0F45E064 /* Pods */ = {
			isa = PBXGroup;
			children = (
				63AB5A7279DD35B355B07B90 /* Pods.debug.xcconfig */,
				1A1B50D2FE9070DFEB1DEE1B /* Pods.release.xcconfig */,
			);
			name = Pods;
			sourceTree = "<group>";
		};
		9EFF4E7DDC5BFE895FDEDB00 /* Frameworks */ = {
			isa = PBXGroup;
			children = (
				81E4F83DDC27CC5DBD79123E /* Pods.framework */,
			);
			name = Frameworks;
			sourceTree = "<group>";
		};
		B31358B11AF9233100A1B979 /* Presenters */ = {
			isa = PBXGroup;
			children = (
				B31358AF1AF9231C00A1B979 /* MainPresenter.swift */,
				B31358B21AF9235800A1B979 /* BasePresenter.swift */,
				B314E7C21AF9342B00EA9B89 /* MainPresenterImpl.swift */,
			);
			name = Presenters;
			sourceTree = "<group>";
		};
		B31358B41AF9246000A1B979 /* Views */ = {
			isa = PBXGroup;
			children = (
				B31358B51AF9248200A1B979 /* MainView.swift */,
			);
			name = Views;
			sourceTree = "<group>";
		};
		B31358B71AF924C200A1B979 /* Models */ = {
			isa = PBXGroup;
			children = (
				B31358B81AF924D000A1B979 /* Meh.swift */,
				B3EE81AB1AF9769700D5A0CD /* Deal.swift */,
				B3EE81AD1AF976A700D5A0CD /* Poll.swift */,
				B3EE81AF1AF976BA00D5A0CD /* Video.swift */,
				B30F52231AF97BD900A603B0 /* Item.swift */,
				B30F52251AF97C0500A603B0 /* Story.swift */,
				B30F52271AF97C1300A603B0 /* Topic.swift */,
				B30F52291AF97C2200A603B0 /* Theme.swift */,
				B30F522B1AF97D0200A603B0 /* Answer.swift */,
			);
			name = Models;
			sourceTree = "<group>";
		};
		B38865681AF93B6500209594 /* Interactors */ = {
			isa = PBXGroup;
			children = (
				B314E7C41AF9359E00EA9B89 /* CurrentMehInteractor.swift */,
				B3EE81A71AF970E500D5A0CD /* CurrentMehInteractorImpl.swift */,
			);
			name = Interactors;
			sourceTree = "<group>";
		};
		B3C64DB81AF9205C00C3B2B3 = {
			isa = PBXGroup;
			children = (
				B3C64DC31AF9205C00C3B2B3 /* swiftmeh */,
				B3C64DD91AF9205C00C3B2B3 /* swiftmehTests */,
				B3C64DC21AF9205C00C3B2B3 /* Products */,
				0F14554956C2863B0F45E064 /* Pods */,
				9EFF4E7DDC5BFE895FDEDB00 /* Frameworks */,
			);
			sourceTree = "<group>";
		};
		B3C64DC21AF9205C00C3B2B3 /* Products */ = {
			isa = PBXGroup;
			children = (
				B3C64DC11AF9205C00C3B2B3 /* swiftmeh.app */,
				B3C64DD61AF9205C00C3B2B3 /* swiftmehTests.xctest */,
			);
			name = Products;
			sourceTree = "<group>";
		};
		B3C64DC31AF9205C00C3B2B3 /* swiftmeh */ = {
			isa = PBXGroup;
			children = (
				B38865681AF93B6500209594 /* Interactors */,
				B31358B71AF924C200A1B979 /* Models */,
				B31358B41AF9246000A1B979 /* Views */,
				B31358B11AF9233100A1B979 /* Presenters */,
				B3C64DC61AF9205C00C3B2B3 /* AppDelegate.swift */,
				B3C64DC81AF9205C00C3B2B3 /* ViewController.swift */,
				B3C64DCA1AF9205C00C3B2B3 /* Main.storyboard */,
				B3C64DCD1AF9205C00C3B2B3 /* Images.xcassets */,
				B3C64DCF1AF9205C00C3B2B3 /* LaunchScreen.xib */,
				B3C64DC41AF9205C00C3B2B3 /* Supporting Files */,
				B388656A1AF93E4800209594 /* BridgingHeader.h */,
				B3EE81A91AF9756900D5A0CD /* BaseViewController.swift */,
			);
			path = swiftmeh;
			sourceTree = "<group>";
		};
		B3C64DC41AF9205C00C3B2B3 /* Supporting Files */ = {
			isa = PBXGroup;
			children = (
				B3C64DC51AF9205C00C3B2B3 /* Info.plist */,
			);
			name = "Supporting Files";
			sourceTree = "<group>";
		};
		B3C64DD91AF9205C00C3B2B3 /* swiftmehTests */ = {
			isa = PBXGroup;
			children = (
				B3C64DDC1AF9205C00C3B2B3 /* swiftmehTests.swift */,
				B3C64DDA1AF9205C00C3B2B3 /* Supporting Files */,
			);
			path = swiftmehTests;
			sourceTree = "<group>";
		};
		B3C64DDA1AF9205C00C3B2B3 /* Supporting Files */ = {
			isa = PBXGroup;
			children = (
				B3C64DDB1AF9205C00C3B2B3 /* Info.plist */,
			);
			name = "Supporting Files";
			sourceTree = "<group>";
		};
/* End PBXGroup section */

/* Begin PBXNativeTarget section */
		B3C64DC01AF9205C00C3B2B3 /* swiftmeh */ = {
			isa = PBXNativeTarget;
			buildConfigurationList = B3C64DE01AF9205C00C3B2B3 /* Build configuration list for PBXNativeTarget "swiftmeh" */;
			buildPhases = (
				5289DA6149907FFB21FC0501 /* Check Pods Manifest.lock */,
				B3C64DBD1AF9205C00C3B2B3 /* Sources */,
				B3C64DBE1AF9205C00C3B2B3 /* Frameworks */,
				B3C64DBF1AF9205C00C3B2B3 /* Resources */,
				BE5BE8AB1F1E67664AD81B2E /* Embed Pods Frameworks */,
				E858E5897F9555F9080A2461 /* Copy Pods Resources */,
			);
			buildRules = (
			);
			dependencies = (
			);
			name = swiftmeh;
			productName = swiftmeh;
			productReference = B3C64DC11AF9205C00C3B2B3 /* swiftmeh.app */;
			productType = "com.apple.product-type.application";
		};
		B3C64DD51AF9205C00C3B2B3 /* swiftmehTests */ = {
			isa = PBXNativeTarget;
			buildConfigurationList = B3C64DE31AF9205C00C3B2B3 /* Build configuration list for PBXNativeTarget "swiftmehTests" */;
			buildPhases = (
				B3C64DD21AF9205C00C3B2B3 /* Sources */,
				B3C64DD31AF9205C00C3B2B3 /* Frameworks */,
				B3C64DD41AF9205C00C3B2B3 /* Resources */,
			);
			buildRules = (
			);
			dependencies = (
				B3C64DD81AF9205C00C3B2B3 /* PBXTargetDependency */,
			);
			name = swiftmehTests;
			productName = swiftmehTests;
			productReference = B3C64DD61AF9205C00C3B2B3 /* swiftmehTests.xctest */;
			productType = "com.apple.product-type.bundle.unit-test";
		};
/* End PBXNativeTarget section */

/* Begin PBXProject section */
		B3C64DB91AF9205C00C3B2B3 /* Project object */ = {
			isa = PBXProject;
			attributes = {
				LastUpgradeCheck = 0630;
				ORGANIZATIONNAME = vishnu;
				TargetAttributes = {
					B3C64DC01AF9205C00C3B2B3 = {
						CreatedOnToolsVersion = 6.3.1;
					};
					B3C64DD51AF9205C00C3B2B3 = {
						CreatedOnToolsVersion = 6.3.1;
						TestTargetID = B3C64DC01AF9205C00C3B2B3;
					};
				};
			};
			buildConfigurationList = B3C64DBC1AF9205C00C3B2B3 /* Build configuration list for PBXProject "swiftmeh" */;
			compatibilityVersion = "Xcode 3.2";
			developmentRegion = English;
			hasScannedForEncodings = 0;
			knownRegions = (
				en,
				Base,
			);
			mainGroup = B3C64DB81AF9205C00C3B2B3;
			productRefGroup = B3C64DC21AF9205C00C3B2B3 /* Products */;
			projectDirPath = "";
			projectRoot = "";
			targets = (
				B3C64DC01AF9205C00C3B2B3 /* swiftmeh */,
				B3C64DD51AF9205C00C3B2B3 /* swiftmehTests */,
			);
		};
/* End PBXProject section */

/* Begin PBXResourcesBuildPhase section */
		B3C64DBF1AF9205C00C3B2B3 /* Resources */ = {
			isa = PBXResourcesBuildPhase;
			buildActionMask = 2147483647;
			files = (
				B3C64DCC1AF9205C00C3B2B3 /* Main.storyboard in Resources */,
				B3C64DD11AF9205C00C3B2B3 /* LaunchScreen.xib in Resources */,
				B3C64DCE1AF9205C00C3B2B3 /* Images.xcassets in Resources */,
			);
			runOnlyForDeploymentPostprocessing = 0;
		};
		B3C64DD41AF9205C00C3B2B3 /* Resources */ = {
			isa = PBXResourcesBuildPhase;
			buildActionMask = 2147483647;
			files = (
			);
			runOnlyForDeploymentPostprocessing = 0;
		};
/* End PBXResourcesBuildPhase section */

/* Begin PBXShellScriptBuildPhase section */
		5289DA6149907FFB21FC0501 /* Check Pods Manifest.lock */ = {
			isa = PBXShellScriptBuildPhase;
			buildActionMask = 2147483647;
			files = (
			);
			inputPaths = (
			);
			name = "Check Pods Manifest.lock";
			outputPaths = (
			);
			runOnlyForDeploymentPostprocessing = 0;
			shellPath = /bin/sh;
			shellScript = "diff \"${PODS_ROOT}/../Podfile.lock\" \"${PODS_ROOT}/Manifest.lock\" > /dev/null\nif [[ $? != 0 ]] ; then\n    cat << EOM\nerror: The sandbox is not in sync with the Podfile.lock. Run 'pod install' or update your CocoaPods installation.\nEOM\n    exit 1\nfi\n";
			showEnvVarsInLog = 0;
		};
		BE5BE8AB1F1E67664AD81B2E /* Embed Pods Frameworks */ = {
			isa = PBXShellScriptBuildPhase;
			buildActionMask = 2147483647;
			files = (
			);
			inputPaths = (
			);
			name = "Embed Pods Frameworks";
			outputPaths = (
			);
			runOnlyForDeploymentPostprocessing = 0;
			shellPath = /bin/sh;
			shellScript = "\"${SRCROOT}/Pods/Target Support Files/Pods/Pods-frameworks.sh\"\n";
			showEnvVarsInLog = 0;
		};
		E858E5897F9555F9080A2461 /* Copy Pods Resources */ = {
			isa = PBXShellScriptBuildPhase;
			buildActionMask = 2147483647;
			files = (
			);
			inputPaths = (
			);
			name = "Copy Pods Resources";
			outputPaths = (
			);
			runOnlyForDeploymentPostprocessing = 0;
			shellPath = /bin/sh;
			shellScript = "\"${SRCROOT}/Pods/Target Support Files/Pods/Pods-resources.sh\"\n";
			showEnvVarsInLog = 0;
		};
/* End PBXShellScriptBuildPhase section */

/* Begin PBXSourcesBuildPhase section */
		B3C64DBD1AF9205C00C3B2B3 /* Sources */ = {
			isa = PBXSourcesBuildPhase;
			buildActionMask = 2147483647;
			files = (
				B314E7C31AF9342B00EA9B89 /* MainPresenterImpl.swift in Sources */,
				B3C64DC91AF9205C00C3B2B3 /* ViewController.swift in Sources */,
				B3EE81AC1AF9769700D5A0CD /* Deal.swift in Sources */,
				B30F522C1AF97D0200A603B0 /* Answer.swift in Sources */,
				B31358B31AF9235800A1B979 /* BasePresenter.swift in Sources */,
				B30F52241AF97BD900A603B0 /* Item.swift in Sources */,
				B30F52281AF97C1300A603B0 /* Topic.swift in Sources */,
				B3EE81AE1AF976A700D5A0CD /* Poll.swift in Sources */,
				B31358B01AF9231C00A1B979 /* MainPresenter.swift in Sources */,
				B31358B61AF9248200A1B979 /* MainView.swift in Sources */,
				B3EE81AA1AF9756900D5A0CD /* BaseViewController.swift in Sources */,
				B3EE81A81AF970E500D5A0CD /* CurrentMehInteractorImpl.swift in Sources */,
				B3EE81B01AF976BA00D5A0CD /* Video.swift in Sources */,
				B314E7C51AF9359E00EA9B89 /* CurrentMehInteractor.swift in Sources */,
				B31358B91AF924D000A1B979 /* Meh.swift in Sources */,
				B3C64DC71AF9205C00C3B2B3 /* AppDelegate.swift in Sources */,
				B30F52261AF97C0500A603B0 /* Story.swift in Sources */,
				B30F522A1AF97C2200A603B0 /* Theme.swift in Sources */,
			);
			runOnlyForDeploymentPostprocessing = 0;
		};
		B3C64DD21AF9205C00C3B2B3 /* Sources */ = {
			isa = PBXSourcesBuildPhase;
			buildActionMask = 2147483647;
			files = (
				B3C64DDD1AF9205C00C3B2B3 /* swiftmehTests.swift in Sources */,
			);
			runOnlyForDeploymentPostprocessing = 0;
		};
/* End PBXSourcesBuildPhase section */

/* Begin PBXTargetDependency section */
		B3C64DD81AF9205C00C3B2B3 /* PBXTargetDependency */ = {
			isa = PBXTargetDependency;
			target = B3C64DC01AF9205C00C3B2B3 /* swiftmeh */;
			targetProxy = B3C64DD71AF9205C00C3B2B3 /* PBXContainerItemProxy */;
		};
/* End PBXTargetDependency section */

/* Begin PBXVariantGroup section */
		B3C64DCA1AF9205C00C3B2B3 /* Main.storyboard */ = {
			isa = PBXVariantGroup;
			children = (
				B3C64DCB1AF9205C00C3B2B3 /* Base */,
			);
			name = Main.storyboard;
			sourceTree = "<group>";
		};
		B3C64DCF1AF9205C00C3B2B3 /* LaunchScreen.xib */ = {
			isa = PBXVariantGroup;
			children = (
				B3C64DD01AF9205C00C3B2B3 /* Base */,
			);
			name = LaunchScreen.xib;
			sourceTree = "<group>";
		};
/* End PBXVariantGroup section */

/* Begin XCBuildConfiguration section */
		B3C64DDE1AF9205C00C3B2B3 /* Debug */ = {
			isa = XCBuildConfiguration;
			buildSettings = {
				ALWAYS_SEARCH_USER_PATHS = NO;
				CLANG_CXX_LANGUAGE_STANDARD = "gnu++0x";
				CLANG_CXX_LIBRARY = "libc++";
				CLANG_ENABLE_MODULES = YES;
				CLANG_ENABLE_OBJC_ARC = YES;
				CLANG_WARN_BOOL_CONVERSION = YES;
				CLANG_WARN_CONSTANT_CONVERSION = YES;
				CLANG_WARN_DIRECT_OBJC_ISA_USAGE = YES_ERROR;
				CLANG_WARN_EMPTY_BODY = YES;
				CLANG_WARN_ENUM_CONVERSION = YES;
				CLANG_WARN_INT_CONVERSION = YES;
				CLANG_WARN_OBJC_ROOT_CLASS = YES_ERROR;
				CLANG_WARN_UNREACHABLE_CODE = YES;
				CLANG_WARN__DUPLICATE_METHOD_MATCH = YES;
				"CODE_SIGN_IDENTITY[sdk=iphoneos*]" = "iPhone Developer";
				COPY_PHASE_STRIP = NO;
				DEBUG_INFORMATION_FORMAT = "dwarf-with-dsym";
				ENABLE_STRICT_OBJC_MSGSEND = YES;
				GCC_C_LANGUAGE_STANDARD = gnu99;
				GCC_DYNAMIC_NO_PIC = NO;
				GCC_NO_COMMON_BLOCKS = YES;
				GCC_OPTIMIZATION_LEVEL = 0;
				GCC_PREPROCESSOR_DEFINITIONS = (
					"DEBUG=1",
					"$(inherited)",
				);
				GCC_SYMBOLS_PRIVATE_EXTERN = NO;
				GCC_WARN_64_TO_32_BIT_CONVERSION = YES;
				GCC_WARN_ABOUT_RETURN_TYPE = YES_ERROR;
				GCC_WARN_UNDECLARED_SELECTOR = YES;
				GCC_WARN_UNINITIALIZED_AUTOS = YES_AGGRESSIVE;
				GCC_WARN_UNUSED_FUNCTION = YES;
				GCC_WARN_UNUSED_VARIABLE = YES;
				IPHONEOS_DEPLOYMENT_TARGET = 8.3;
				MTL_ENABLE_DEBUG_INFO = YES;
				ONLY_ACTIVE_ARCH = YES;
				SDKROOT = iphoneos;
				SWIFT_OBJC_BRIDGING_HEADER = swiftmeh/BridgingHeader.h;
				SWIFT_OPTIMIZATION_LEVEL = "-Onone";
				TARGETED_DEVICE_FAMILY = "1,2";
			};
			name = Debug;
		};
		B3C64DDF1AF9205C00C3B2B3 /* Release */ = {
			isa = XCBuildConfiguration;
			buildSettings = {
				ALWAYS_SEARCH_USER_PATHS = NO;
				CLANG_CXX_LANGUAGE_STANDARD = "gnu++0x";
				CLANG_CXX_LIBRARY = "libc++";
				CLANG_ENABLE_MODULES = YES;
				CLANG_ENABLE_OBJC_ARC = YES;
				CLANG_WARN_BOOL_CONVERSION = YES;
				CLANG_WARN_CONSTANT_CONVERSION = YES;
				CLANG_WARN_DIRECT_OBJC_ISA_USAGE = YES_ERROR;
				CLANG_WARN_EMPTY_BODY = YES;
				CLANG_WARN_ENUM_CONVERSION = YES;
				CLANG_WARN_INT_CONVERSION = YES;
				CLANG_WARN_OBJC_ROOT_CLASS = YES_ERROR;
				CLANG_WARN_UNREACHABLE_CODE = YES;
				CLANG_WARN__DUPLICATE_METHOD_MATCH = YES;
				"CODE_SIGN_IDENTITY[sdk=iphoneos*]" = "iPhone Developer";
				COPY_PHASE_STRIP = NO;
				DEBUG_INFORMATION_FORMAT = "dwarf-with-dsym";
				ENABLE_NS_ASSERTIONS = NO;
				ENABLE_STRICT_OBJC_MSGSEND = YES;
				GCC_C_LANGUAGE_STANDARD = gnu99;
				GCC_NO_COMMON_BLOCKS = YES;
				GCC_WARN_64_TO_32_BIT_CONVERSION = YES;
				GCC_WARN_ABOUT_RETURN_TYPE = YES_ERROR;
				GCC_WARN_UNDECLARED_SELECTOR = YES;
				GCC_WARN_UNINITIALIZED_AUTOS = YES_AGGRESSIVE;
				GCC_WARN_UNUSED_FUNCTION = YES;
				GCC_WARN_UNUSED_VARIABLE = YES;
				IPHONEOS_DEPLOYMENT_TARGET = 8.3;
				MTL_ENABLE_DEBUG_INFO = NO;
				SDKROOT = iphoneos;
				SWIFT_OBJC_BRIDGING_HEADER = swiftmeh/BridgingHeader.h;
				TARGETED_DEVICE_FAMILY = "1,2";
				VALIDATE_PRODUCT = YES;
			};
			name = Release;
		};
		B3C64DE11AF9205C00C3B2B3 /* Debug */ = {
			isa = XCBuildConfiguration;
			baseConfigurationReference = 63AB5A7279DD35B355B07B90 /* Pods.debug.xcconfig */;
			buildSettings = {
				ASSETCATALOG_COMPILER_APPICON_NAME = AppIcon;
				INFOPLIST_FILE = swiftmeh/Info.plist;
				LD_RUNPATH_SEARCH_PATHS = "$(inherited) @executable_path/Frameworks";
				PRODUCT_NAME = "$(TARGET_NAME)";
			};
			name = Debug;
		};
		B3C64DE21AF9205C00C3B2B3 /* Release */ = {
			isa = XCBuildConfiguration;
			baseConfigurationReference = 1A1B50D2FE9070DFEB1DEE1B /* Pods.release.xcconfig */;
			buildSettings = {
				ASSETCATALOG_COMPILER_APPICON_NAME = AppIcon;
				INFOPLIST_FILE = swiftmeh/Info.plist;
				LD_RUNPATH_SEARCH_PATHS = "$(inherited) @executable_path/Frameworks";
				PRODUCT_NAME = "$(TARGET_NAME)";
			};
			name = Release;
		};
		B3C64DE41AF9205C00C3B2B3 /* Debug */ = {
			isa = XCBuildConfiguration;
			buildSettings = {
				BUNDLE_LOADER = "$(TEST_HOST)";
				FRAMEWORK_SEARCH_PATHS = (
					"$(SDKROOT)/Developer/Library/Frameworks",
					"$(inherited)",
				);
				GCC_PREPROCESSOR_DEFINITIONS = (
					"DEBUG=1",
					"$(inherited)",
				);
				INFOPLIST_FILE = swiftmehTests/Info.plist;
				LD_RUNPATH_SEARCH_PATHS = "$(inherited) @executable_path/Frameworks @loader_path/Frameworks";
				PRODUCT_NAME = "$(TARGET_NAME)";
				TEST_HOST = "$(BUILT_PRODUCTS_DIR)/swiftmeh.app/swiftmeh";
			};
			name = Debug;
		};
		B3C64DE51AF9205C00C3B2B3 /* Release */ = {
			isa = XCBuildConfiguration;
			buildSettings = {
				BUNDLE_LOADER = "$(TEST_HOST)";
				FRAMEWORK_SEARCH_PATHS = (
					"$(SDKROOT)/Developer/Library/Frameworks",
					"$(inherited)",
				);
				INFOPLIST_FILE = swiftmehTests/Info.plist;
				LD_RUNPATH_SEARCH_PATHS = "$(inherited) @executable_path/Frameworks @loader_path/Frameworks";
				PRODUCT_NAME = "$(TARGET_NAME)";
				TEST_HOST = "$(BUILT_PRODUCTS_DIR)/swiftmeh.app/swiftmeh";
			};
			name = Release;
		};
/* End XCBuildConfiguration section */

/* Begin XCConfigurationList section */
		B3C64DBC1AF9205C00C3B2B3 /* Build configuration list for PBXProject "swiftmeh" */ = {
			isa = XCConfigurationList;
			buildConfigurations = (
				B3C64DDE1AF9205C00C3B2B3 /* Debug */,
				B3C64DDF1AF9205C00C3B2B3 /* Release */,
			);
			defaultConfigurationIsVisible = 0;
			defaultConfigurationName = Release;
		};
		B3C64DE01AF9205C00C3B2B3 /* Build configuration list for PBXNativeTarget "swiftmeh" */ = {
			isa = XCConfigurationList;
			buildConfigurations = (
				B3C64DE11AF9205C00C3B2B3 /* Debug */,
				B3C64DE21AF9205C00C3B2B3 /* Release */,
			);
			defaultConfigurationIsVisible = 0;
			defaultConfigurationName = Release;
		};
		B3C64DE31AF9205C00C3B2B3 /* Build configuration list for PBXNativeTarget "swiftmehTests" */ = {
			isa = XCConfigurationList;
			buildConfigurations = (
				B3C64DE41AF9205C00C3B2B3 /* Debug */,
				B3C64DE51AF9205C00C3B2B3 /* Release */,
			);
			defaultConfigurationIsVisible = 0;
			defaultConfigurationName = Release;
		};
/* End XCConfigurationList section */
	};
	rootObject = B3C64DB91AF9205C00C3B2B3 /* Project object */;
}
